
Microsoft Visual Studio Solution File, Format Version 12.00
# Visual Studio Version 17
VisualStudioVersion = 17.2.32616.157
MinimumVisualStudioVersion = 10.0.40219.1
Project("{9A19103F-16F7-4668-BE54-9A1E7A4F7556}") = "Text Processing - Exercise", "Text Processing - Exercise\Text Processing - Exercise.csproj", "{E07ED73E-5DB7-4A55-B8E3-443F8E2AD1F5}"
EndProject
Project("{9A19103F-16F7-4668-BE54-9A1E7A4F7556}") = "01. Valid Usernames", "01. Valid Usernames\01. Valid Usernames.csproj", "{46856F00-2D2D-4252-8F13-50437AEC90AA}"
EndProject
Project("{9A19103F-16F7-4668-BE54-9A1E7A4F7556}") = "02. Character Multiplier", "02. Character Multiplier\02. Character Multiplier.csproj", "{760B057C-A363-4336-9CA8-59F311CCACAC}"
EndProject
Project("{9A19103F-16F7-4668-BE54-9A1E7A4F7556}") = "03. Extract File", "03. Extract File\03. Extract File.csproj", "{B24E633E-D31C-4A39-89A1-4E9CA61ED0A4}"
EndProject
Project("{9A19103F-16F7-4668-BE54-9A1E7A4F7556}") = "04. Caesar Cipher", "04. Caesar Cipher\04. Caesar Cipher.csproj", "{606F2EEC-DC7D-477E-9795-1C3E14137234}"
EndProject
Project("{9A19103F-16F7-4668-BE54-9A1E7A4F7556}") = "05. Multiply Big Number", "05. Multiply Big Number\05. Multiply Big Number.csproj", "{01810021-39AD-41FF-BCC5-E6A07F6D4182}"
EndProject
Project("{FAE04EC0-301F-11D3-BF4B-00C04F79EFBC}") = "06. Replace Repeating Chars", "06. Replace Repeating Chars\06. Replace Repeating Chars.csproj", "{FA3172DD-D473-4095-AB11-1D87940A4BE9}"
EndProject
Project("{FAE04EC0-301F-11D3-BF4B-00C04F79EFBC}") = "07. String Explosion", "07. String Explosion\07. String Explosion.csproj", "{3A6AAEB3-4785-4F93-A13A-0EB5713D7333}"
EndProject
Project("{FAE04EC0-301F-11D3-BF4B-00C04F79EFBC}") = "08. Letters Change Numbers", "08. Letters Change Numbers\08. Letters Change Numbers.csproj", "{E713110A-E0A9-47E7-8C72-28D2EBB1FA73}"
EndProject
Global
	GlobalSection(SolutionConfigurationPlatforms) = preSolution
		Debug|Any CPU = Debug|Any CPU
		Release|Any CPU = Release|Any CPU
	EndGlobalSection
	GlobalSection(ProjectConfigurationPlatforms) = postSolution
		{E07ED73E-5DB7-4A55-B8E3-443F8E2AD1F5}.Debug|Any CPU.ActiveCfg = Debug|Any CPU
		{E07ED73E-5DB7-4A55-B8E3-443F8E2AD1F5}.Debug|Any CPU.Build.0 = Debug|Any CPU
		{E07ED73E-5DB7-4A55-B8E3-443F8E2AD1F5}.Release|Any CPU.ActiveCfg = Release|Any CPU
		{E07ED73E-5DB7-4A55-B8E3-443F8E2AD1F5}.Release|Any CPU.Build.0 = Release|Any CPU
		{46856F00-2D2D-4252-8F13-50437AEC90AA}.Debug|Any CPU.ActiveCfg = Debug|Any CPU
		{46856F00-2D2D-4252-8F13-50437AEC90AA}.Debug|Any CPU.Build.0 = Debug|Any CPU
		{46856F00-2D2D-4252-8F13-50437AEC90AA}.Release|Any CPU.ActiveCfg = Release|Any CPU
		{46856F00-2D2D-4252-8F13-50437AEC90AA}.Release|Any CPU.Build.0 = Release|Any CPU
		{760B057C-A363-4336-9CA8-59F311CCACAC}.Debug|Any CPU.ActiveCfg = Debug|Any CPU
		{760B057C-A363-4336-9CA8-59F311CCACAC}.Debug|Any CPU.Build.0 = Debug|Any CPU
		{760B057C-A363-4336-9CA8-59F311CCACAC}.Release|Any CPU.ActiveCfg = Release|Any CPU
		{760B057C-A363-4336-9CA8-59F311CCACAC}.Release|Any CPU.Build.0 = Release|Any CPU
		{B24E633E-D31C-4A39-89A1-4E9CA61ED0A4}.Debug|Any CPU.ActiveCfg = Debug|Any CPU
		{B24E633E-D31C-4A39-89A1-4E9CA61ED0A4}.Debug|Any CPU.Build.0 = Debug|Any CPU
		{B24E633E-D31C-4A39-89A1-4E9CA61ED0A4}.Release|Any CPU.ActiveCfg = Release|Any CPU
		{B24E633E-D31C-4A39-89A1-4E9CA61ED0A4}.Release|Any CPU.Build.0 = Release|Any CPU
		{606F2EEC-DC7D-477E-9795-1C3E14137234}.Debug|Any CPU.ActiveCfg = Debug|Any CPU
		{606F2EEC-DC7D-477E-9795-1C3E14137234}.Debug|Any CPU.Build.0 = Debug|Any CPU
		{606F2EEC-DC7D-477E-9795-1C3E14137234}.Release|Any CPU.ActiveCfg = Release|Any CPU
		{606F2EEC-DC7D-477E-9795-1C3E14137234}.Release|Any CPU.Build.0 = Release|Any CPU
		{01810021-39AD-41FF-BCC5-E6A07F6D4182}.Debug|Any CPU.ActiveCfg = Debug|Any CPU
		{01810021-39AD-41FF-BCC5-E6A07F6D4182}.Debug|Any CPU.Build.0 = Debug|Any CPU
		{01810021-39AD-41FF-BCC5-E6A07F6D4182}.Release|Any CPU.ActiveCfg = Release|Any CPU
		{01810021-39AD-41FF-BCC5-E6A07F6D4182}.Release|Any CPU.Build.0 = Release|Any CPU
		{FA3172DD-D473-4095-AB11-1D87940A4BE9}.Debug|Any CPU.ActiveCfg = Debug|Any CPU
		{FA3172DD-D473-4095-AB11-1D87940A4BE9}.Debug|Any CPU.Build.0 = Debug|Any CPU
		{FA3172DD-D473-4095-AB11-1D87940A4BE9}.Release|Any CPU.ActiveCfg = Release|Any CPU
		{FA3172DD-D473-4095-AB11-1D87940A4BE9}.Release|Any CPU.Build.0 = Release|Any CPU
		{3A6AAEB3-4785-4F93-A13A-0EB5713D7333}.Debug|Any CPU.ActiveCfg = Debug|Any CPU
		{3A6AAEB3-4785-4F93-A13A-0EB5713D7333}.Debug|Any CPU.Build.0 = Debug|Any CPU
		{3A6AAEB3-4785-4F93-A13A-0EB5713D7333}.Release|Any CPU.ActiveCfg = Release|Any CPU
		{3A6AAEB3-4785-4F93-A13A-0EB5713D7333}.Release|Any CPU.Build.0 = Release|Any CPU
		{E713110A-E0A9-47E7-8C72-28D2EBB1FA73}.Debug|Any CPU.ActiveCfg = Debug|Any CPU
		{E713110A-E0A9-47E7-8C72-28D2EBB1FA73}.Debug|Any CPU.Build.0 = Debug|Any CPU
		{E713110A-E0A9-47E7-8C72-28D2EBB1FA73}.Release|Any CPU.ActiveCfg = Release|Any CPU
		{E713110A-E0A9-47E7-8C72-28D2EBB1FA73}.Release|Any CPU.Build.0 = Release|Any CPU
	EndGlobalSection
	GlobalSection(SolutionProperties) = preSolution
		HideSolutionNode = FALSE
	EndGlobalSection
	GlobalSection(ExtensibilityGlobals) = postSolution
		SolutionGuid = {90BA3168-7DD4-43A7-A4A3-D80388987639}
	EndGlobalSection
EndGlobal
